
Microsoft Visual Studio Solution File, Format Version 12.00
# Visual Studio Version 17
VisualStudioVersion = 17.8.34408.163
MinimumVisualStudioVersion = 10.0.40219.1
Project("{FAE04EC0-301F-11D3-BF4B-00C04F79EFBC}") = "Easton_Mission11_Amazon", "Easton_Mission11_Amazon\Easton_Mission11_Amazon.csproj", "{05E77B40-6D6E-43CA-8E61-2391A2219F4F}"
EndProject
Global
	GlobalSection(SolutionConfigurationPlatforms) = preSolution
		Debug|Any CPU = Debug|Any CPU
		Release|Any CPU = Release|Any CPU
	EndGlobalSection
	GlobalSection(ProjectConfigurationPlatforms) = postSolution
		{05E77B40-6D6E-43CA-8E61-2391A2219F4F}.Debug|Any CPU.ActiveCfg = Debug|Any CPU
		{05E77B40-6D6E-43CA-8E61-2391A2219F4F}.Debug|Any CPU.Build.0 = Debug|Any CPU
		{05E77B40-6D6E-43CA-8E61-2391A2219F4F}.Release|Any CPU.ActiveCfg = Release|Any CPU
		{05E77B40-6D6E-43CA-8E61-2391A2219F4F}.Release|Any CPU.Build.0 = Release|Any CPU
	EndGlobalSection
	GlobalSection(SolutionProperties) = preSolution
		HideSolutionNode = FALSE
	EndGlobalSection
	GlobalSection(ExtensibilityGlobals) = postSolution
		SolutionGuid = {C40CE1A3-084B-430F-B3D6-DB31AD95688A}
	EndGlobalSection
EndGlobal
